// !$*UTF8*$!
{
	archiveVersion = 1;
	classes = {
	};
	objectVersion = 56;
	objects = {

/* Begin PBXBuildFile section */
		0114F2E029D30F8F00F80E21 /* LOTR_SwiftUIApp.swift in Sources */ = {isa = PBXBuildFile; fileRef = 0114F2DF29D30F8F00F80E21 /* LOTR_SwiftUIApp.swift */; };
		0114F2E229D30F8F00F80E21 /* ContentView.swift in Sources */ = {isa = PBXBuildFile; fileRef = 0114F2E129D30F8F00F80E21 /* ContentView.swift */; };
		0114F2E429D30F9100F80E21 /* Assets.xcassets in Resources */ = {isa = PBXBuildFile; fileRef = 0114F2E329D30F9100F80E21 /* Assets.xcassets */; };
		0114F2E729D30F9100F80E21 /* Preview Assets.xcassets in Resources */ = {isa = PBXBuildFile; fileRef = 0114F2E629D30F9100F80E21 /* Preview Assets.xcassets */; };
		0114F2EE29D3308600F80E21 /* ExchangeInfo.swift in Sources */ = {isa = PBXBuildFile; fileRef = 0114F2ED29D3308600F80E21 /* ExchangeInfo.swift */; };
		0114F2F029D332A700F80E21 /* ExchangeRate.swift in Sources */ = {isa = PBXBuildFile; fileRef = 0114F2EF29D332A700F80E21 /* ExchangeRate.swift */; };
		0114F2F229D337D100F80E21 /* CurrencySelection.swift in Sources */ = {isa = PBXBuildFile; fileRef = 0114F2F129D337D100F80E21 /* CurrencySelection.swift */; };
		0114F2F529D33A9600F80E21 /* CurrencyIcon.swift in Sources */ = {isa = PBXBuildFile; fileRef = 0114F2F429D33A9600F80E21 /* CurrencyIcon.swift */; };
		0114F2F929D33CC900F80E21 /* CurrencyModel.swift in Sources */ = {isa = PBXBuildFile; fileRef = 0114F2F829D33CC900F80E21 /* CurrencyModel.swift */; };
		0114F2FB29D3436E00F80E21 /* IconGrid.swift in Sources */ = {isa = PBXBuildFile; fileRef = 0114F2FA29D3436E00F80E21 /* IconGrid.swift */; };
/* End PBXBuildFile section */

/* Begin PBXFileReference section */
		0114F2DC29D30F8F00F80E21 /* LOTR-SwiftUI.app */ = {isa = PBXFileReference; explicitFileType = wrapper.application; includeInIndex = 0; path = "LOTR-SwiftUI.app"; sourceTree = BUILT_PRODUCTS_DIR; };
		0114F2DF29D30F8F00F80E21 /* LOTR_SwiftUIApp.swift */ = {isa = PBXFileReference; lastKnownFileType = sourcecode.swift; path = LOTR_SwiftUIApp.swift; sourceTree = "<group>"; };
		0114F2E129D30F8F00F80E21 /* ContentView.swift */ = {isa = PBXFileReference; lastKnownFileType = sourcecode.swift; path = ContentView.swift; sourceTree = "<group>"; };
		0114F2E329D30F9100F80E21 /* Assets.xcassets */ = {isa = PBXFileReference; lastKnownFileType = folder.assetcatalog; path = Assets.xcassets; sourceTree = "<group>"; };
		0114F2E629D30F9100F80E21 /* Preview Assets.xcassets */ = {isa = PBXFileReference; lastKnownFileType = folder.assetcatalog; path = "Preview Assets.xcassets"; sourceTree = "<group>"; };
		0114F2ED29D3308600F80E21 /* ExchangeInfo.swift */ = {isa = PBXFileReference; lastKnownFileType = sourcecode.swift; path = ExchangeInfo.swift; sourceTree = "<group>"; };
		0114F2EF29D332A700F80E21 /* ExchangeRate.swift */ = {isa = PBXFileReference; lastKnownFileType = sourcecode.swift; path = ExchangeRate.swift; sourceTree = "<group>"; };
		0114F2F129D337D100F80E21 /* CurrencySelection.swift */ = {isa = PBXFileReference; lastKnownFileType = sourcecode.swift; path = CurrencySelection.swift; sourceTree = "<group>"; };
		0114F2F429D33A9600F80E21 /* CurrencyIcon.swift */ = {isa = PBXFileReference; lastKnownFileType = sourcecode.swift; path = CurrencyIcon.swift; sourceTree = "<group>"; };
		0114F2F829D33CC900F80E21 /* CurrencyModel.swift */ = {isa = PBXFileReference; lastKnownFileType = sourcecode.swift; path = CurrencyModel.swift; sourceTree = "<group>"; };
		0114F2FA29D3436E00F80E21 /* IconGrid.swift */ = {isa = PBXFileReference; lastKnownFileType = sourcecode.swift; path = IconGrid.swift; sourceTree = "<group>"; };
/* End PBXFileReference section */

/* Begin PBXFrameworksBuildPhase section */
		0114F2D929D30F8F00F80E21 /* Frameworks */ = {
			isa = PBXFrameworksBuildPhase;
			buildActionMask = 2147483647;
			files = (
			);
			runOnlyForDeploymentPostprocessing = 0;
		};
/* End PBXFrameworksBuildPhase section */

/* Begin PBXGroup section */
		0114F2D329D30F8F00F80E21 = {
			isa = PBXGroup;
			children = (
				0114F2DE29D30F8F00F80E21 /* LOTR-SwiftUI */,
				0114F2DD29D30F8F00F80E21 /* Products */,
			);
			sourceTree = "<group>";
		};
		0114F2DD29D30F8F00F80E21 /* Products */ = {
			isa = PBXGroup;
			children = (
				0114F2DC29D30F8F00F80E21 /* LOTR-SwiftUI.app */,
			);
			name = Products;
			sourceTree = "<group>";
		};
		0114F2DE29D30F8F00F80E21 /* LOTR-SwiftUI */ = {
			isa = PBXGroup;
			children = (
				0114F2F729D33C9400F80E21 /* UI Screens */,
				0114F2F629D33C8900F80E21 /* Models */,
				0114F2F329D33A7E00F80E21 /* Views */,
				0114F2DF29D30F8F00F80E21 /* LOTR_SwiftUIApp.swift */,
				0114F2E329D30F9100F80E21 /* Assets.xcassets */,
				0114F2E529D30F9100F80E21 /* Preview Content */,
			);
			path = "LOTR-SwiftUI";
			sourceTree = "<group>";
		};
		0114F2E529D30F9100F80E21 /* Preview Content */ = {
			isa = PBXGroup;
			children = (
				0114F2E629D30F9100F80E21 /* Preview Assets.xcassets */,
			);
			path = "Preview Content";
			sourceTree = "<group>";
		};
		0114F2F329D33A7E00F80E21 /* Views */ = {
			isa = PBXGroup;
			children = (
				0114F2EF29D332A700F80E21 /* ExchangeRate.swift */,
				0114F2F429D33A9600F80E21 /* CurrencyIcon.swift */,
				0114F2FA29D3436E00F80E21 /* IconGrid.swift */,
			);
			path = Views;
			sourceTree = "<group>";
		};
		0114F2F629D33C8900F80E21 /* Models */ = {
			isa = PBXGroup;
			children = (
				0114F2F829D33CC900F80E21 /* CurrencyModel.swift */,
			);
			path = Models;
			sourceTree = "<group>";
		};
		0114F2F729D33C9400F80E21 /* UI Screens */ = {
			isa = PBXGroup;
			children = (
				0114F2E129D30F8F00F80E21 /* ContentView.swift */,
				0114F2ED29D3308600F80E21 /* ExchangeInfo.swift */,
				0114F2F129D337D100F80E21 /* CurrencySelection.swift */,
			);
			path = "UI Screens";
			sourceTree = "<group>";
		};
/* End PBXGroup section */

/* Begin PBXNativeTarget section */
		0114F2DB29D30F8F00F80E21 /* LOTR-SwiftUI */ = {
			isa = PBXNativeTarget;
			buildConfigurationList = 0114F2EA29D30F9100F80E21 /* Build configuration list for PBXNativeTarget "LOTR-SwiftUI" */;
			buildPhases = (
				0114F2D829D30F8F00F80E21 /* Sources */,
				0114F2D929D30F8F00F80E21 /* Frameworks */,
				0114F2DA29D30F8F00F80E21 /* Resources */,
			);
			buildRules = (
			);
			dependencies = (
			);
			name = "LOTR-SwiftUI";
			productName = "LOTR-SwiftUI";
			productReference = 0114F2DC29D30F8F00F80E21 /* LOTR-SwiftUI.app */;
			productType = "com.apple.product-type.application";
		};
/* End PBXNativeTarget section */

/* Begin PBXProject section */
		0114F2D429D30F8F00F80E21 /* Project object */ = {
			isa = PBXProject;
			attributes = {
				BuildIndependentTargetsInParallel = 1;
				LastSwiftUpdateCheck = 1420;
				LastUpgradeCheck = 1420;
				TargetAttributes = {
					0114F2DB29D30F8F00F80E21 = {
						CreatedOnToolsVersion = 14.2;
					};
				};
			};
			buildConfigurationList = 0114F2D729D30F8F00F80E21 /* Build configuration list for PBXProject "LOTR-SwiftUI" */;
			compatibilityVersion = "Xcode 14.0";
			developmentRegion = en;
			hasScannedForEncodings = 0;
			knownRegions = (
				en,
				Base,
			);
			mainGroup = 0114F2D329D30F8F00F80E21;
			productRefGroup = 0114F2DD29D30F8F00F80E21 /* Products */;
			projectDirPath = "";
			projectRoot = "";
			targets = (
				0114F2DB29D30F8F00F80E21 /* LOTR-SwiftUI */,
			);
		};
/* End PBXProject section */

/* Begin PBXResourcesBuildPhase section */
		0114F2DA29D30F8F00F80E21 /* Resources */ = {
			isa = PBXResourcesBuildPhase;
			buildActionMask = 2147483647;
			files = (
				0114F2E729D30F9100F80E21 /* Preview Assets.xcassets in Resources */,
				0114F2E429D30F9100F80E21 /* Assets.xcassets in Resources */,
			);
			runOnlyForDeploymentPostprocessing = 0;
		};
/* End PBXResourcesBuildPhase section */

/* Begin PBXSourcesBuildPhase section */
		0114F2D829D30F8F00F80E21 /* Sources */ = {
			isa = PBXSourcesBuildPhase;
			buildActionMask = 2147483647;
			files = (
				0114F2FB29D3436E00F80E21 /* IconGrid.swift in Sources */,
				0114F2F929D33CC900F80E21 /* CurrencyModel.swift in Sources */,
				0114F2F029D332A700F80E21 /* ExchangeRate.swift in Sources */,
				0114F2EE29D3308600F80E21 /* ExchangeInfo.swift in Sources */,
				0114F2E229D30F8F00F80E21 /* ContentView.swift in Sources */,
				0114F2E029D30F8F00F80E21 /* LOTR_SwiftUIApp.swift in Sources */,
				0114F2F229D337D100F80E21 /* CurrencySelection.swift in Sources */,
				0114F2F529D33A9600F80E21 /* CurrencyIcon.swift in Sources */,
			);
			runOnlyForDeploymentPostprocessing = 0;
		};
/* End PBXSourcesBuildPhase section */

/* Begin XCBuildConfiguration section */
		0114F2E829D30F9100F80E21 /* Debug */ = {
			isa = XCBuildConfiguration;
			buildSettings = {
				ALWAYS_SEARCH_USER_PATHS = NO;
				CLANG_ANALYZER_NONNULL = YES;
				CLANG_ANALYZER_NUMBER_OBJECT_CONVERSION = YES_AGGRESSIVE;
				CLANG_CXX_LANGUAGE_STANDARD = "gnu++20";
				CLANG_ENABLE_MODULES = YES;
				CLANG_ENABLE_OBJC_ARC = YES;
				CLANG_ENABLE_OBJC_WEAK = YES;
				CLANG_WARN_BLOCK_CAPTURE_AUTORELEASING = YES;
				CLANG_WARN_BOOL_CONVERSION = YES;
				CLANG_WARN_COMMA = YES;
				CLANG_WARN_CONSTANT_CONVERSION = YES;
				CLANG_WARN_DEPRECATED_OBJC_IMPLEMENTATIONS = YES;
				CLANG_WARN_DIRECT_OBJC_ISA_USAGE = YES_ERROR;
				CLANG_WARN_DOCUMENTATION_COMMENTS = YES;
				CLANG_WARN_EMPTY_BODY = YES;
				CLANG_WARN_ENUM_CONVERSION = YES;
				CLANG_WARN_INFINITE_RECURSION = YES;
				CLANG_WARN_INT_CONVERSION = YES;
				CLANG_WARN_NON_LITERAL_NULL_CONVERSION = YES;
				CLANG_WARN_OBJC_IMPLICIT_RETAIN_SELF = YES;
				CLANG_WARN_OBJC_LITERAL_CONVERSION = YES;
				CLANG_WARN_OBJC_ROOT_CLASS = YES_ERROR;
				CLANG_WARN_QUOTED_INCLUDE_IN_FRAMEWORK_HEADER = YES;
				CLANG_WARN_RANGE_LOOP_ANALYSIS = YES;
				CLANG_WARN_STRICT_PROTOTYPES = YES;
				CLANG_WARN_SUSPICIOUS_MOVE = YES;
				CLANG_WARN_UNGUARDED_AVAILABILITY = YES_AGGRESSIVE;
				CLANG_WARN_UNREACHABLE_CODE = YES;
				CLANG_WARN__DUPLICATE_METHOD_MATCH = YES;
				COPY_PHASE_STRIP = NO;
				DEBUG_INFORMATION_FORMAT = dwarf;
				ENABLE_STRICT_OBJC_MSGSEND = YES;
				ENABLE_TESTABILITY = YES;
				GCC_C_LANGUAGE_STANDARD = gnu11;
				GCC_DYNAMIC_NO_PIC = NO;
				GCC_NO_COMMON_BLOCKS = YES;
				GCC_OPTIMIZATION_LEVEL = 0;
				GCC_PREPROCESSOR_DEFINITIONS = (
					"DEBUG=1",
					"$(inherited)",
				);
				GCC_WARN_64_TO_32_BIT_CONVERSION = YES;
				GCC_WARN_ABOUT_RETURN_TYPE = YES_ERROR;
				GCC_WARN_UNDECLARED_SELECTOR = YES;
				GCC_WARN_UNINITIALIZED_AUTOS = YES_AGGRESSIVE;
				GCC_WARN_UNUSED_FUNCTION = YES;
				GCC_WARN_UNUSED_VARIABLE = YES;
				IPHONEOS_DEPLOYMENT_TARGET = 16.2;
				MTL_ENABLE_DEBUG_INFO = INCLUDE_SOURCE;
				MTL_FAST_MATH = YES;
				ONLY_ACTIVE_ARCH = YES;
				SDKROOT = iphoneos;
				SWIFT_ACTIVE_COMPILATION_CONDITIONS = DEBUG;
				SWIFT_OPTIMIZATION_LEVEL = "-Onone";
			};
			name = Debug;
		};
		0114F2E929D30F9100F80E21 /* Release */ = {
			isa = XCBuildConfiguration;
			buildSettings = {
				ALWAYS_SEARCH_USER_PATHS = NO;
				CLANG_ANALYZER_NONNULL = YES;
				CLANG_ANALYZER_NUMBER_OBJECT_CONVERSION = YES_AGGRESSIVE;
				CLANG_CXX_LANGUAGE_STANDARD = "gnu++20";
				CLANG_ENABLE_MODULES = YES;
				CLANG_ENABLE_OBJC_ARC = YES;
				CLANG_ENABLE_OBJC_WEAK = YES;
				CLANG_WARN_BLOCK_CAPTURE_AUTORELEASING = YES;
				CLANG_WARN_BOOL_CONVERSION = YES;
				CLANG_WARN_COMMA = YES;
				CLANG_WARN_CONSTANT_CONVERSION = YES;
				CLANG_WARN_DEPRECATED_OBJC_IMPLEMENTATIONS = YES;
				CLANG_WARN_DIRECT_OBJC_ISA_USAGE = YES_ERROR;
				CLANG_WARN_DOCUMENTATION_COMMENTS = YES;
				CLANG_WARN_EMPTY_BODY = YES;
				CLANG_WARN_ENUM_CONVERSION = YES;
				CLANG_WARN_INFINITE_RECURSION = YES;
				CLANG_WARN_INT_CONVERSION = YES;
				CLANG_WARN_NON_LITERAL_NULL_CONVERSION = YES;
				CLANG_WARN_OBJC_IMPLICIT_RETAIN_SELF = YES;
				CLANG_WARN_OBJC_LITERAL_CONVERSION = YES;
				CLANG_WARN_OBJC_ROOT_CLASS = YES_ERROR;
				CLANG_WARN_QUOTED_INCLUDE_IN_FRAMEWORK_HEADER = YES;
				CLANG_WARN_RANGE_LOOP_ANALYSIS = YES;
				CLANG_WARN_STRICT_PROTOTYPES = YES;
				CLANG_WARN_SUSPICIOUS_MOVE = YES;
				CLANG_WARN_UNGUARDED_AVAILABILITY = YES_AGGRESSIVE;
				CLANG_WARN_UNREACHABLE_CODE = YES;
				CLANG_WARN__DUPLICATE_METHOD_MATCH = YES;
				COPY_PHASE_STRIP = NO;
				DEBUG_INFORMATION_FORMAT = "dwarf-with-dsym";
				ENABLE_NS_ASSERTIONS = NO;
				ENABLE_STRICT_OBJC_MSGSEND = YES;
				GCC_C_LANGUAGE_STANDARD = gnu11;
				GCC_NO_COMMON_BLOCKS = YES;
				GCC_WARN_64_TO_32_BIT_CONVERSION = YES;
				GCC_WARN_ABOUT_RETURN_TYPE = YES_ERROR;
				GCC_WARN_UNDECLARED_SELECTOR = YES;
				GCC_WARN_UNINITIALIZED_AUTOS = YES_AGGRESSIVE;
				GCC_WARN_UNUSED_FUNCTION = YES;
				GCC_WARN_UNUSED_VARIABLE = YES;
				IPHONEOS_DEPLOYMENT_TARGET = 16.2;
				MTL_ENABLE_DEBUG_INFO = NO;
				MTL_FAST_MATH = YES;
				SDKROOT = iphoneos;
				SWIFT_COMPILATION_MODE = wholemodule;
				SWIFT_OPTIMIZATION_LEVEL = "-O";
				VALIDATE_PRODUCT = YES;
			};
			name = Release;
		};
		0114F2EB29D30F9100F80E21 /* Debug */ = {
			isa = XCBuildConfiguration;
			buildSettings = {
				ASSETCATALOG_COMPILER_APPICON_NAME = AppIcon;
				ASSETCATALOG_COMPILER_GLOBAL_ACCENT_COLOR_NAME = AccentColor;
				CODE_SIGN_STYLE = Automatic;
				CURRENT_PROJECT_VERSION = 1;
				DEVELOPMENT_ASSET_PATHS = "\"LOTR-SwiftUI/Preview Content\"";
				DEVELOPMENT_TEAM = TALXMDWBCD;
				ENABLE_PREVIEWS = YES;
				GENERATE_INFOPLIST_FILE = YES;
				INFOPLIST_KEY_UIApplicationSceneManifest_Generation = YES;
				INFOPLIST_KEY_UIApplicationSupportsIndirectInputEvents = YES;
				INFOPLIST_KEY_UILaunchScreen_Generation = YES;
				INFOPLIST_KEY_UISupportedInterfaceOrientations_iPad = "UIInterfaceOrientationPortrait UIInterfaceOrientationPortraitUpsideDown UIInterfaceOrientationLandscapeLeft UIInterfaceOrientationLandscapeRight";
				INFOPLIST_KEY_UISupportedInterfaceOrientations_iPhone = "UIInterfaceOrientationPortrait UIInterfaceOrientationLandscapeLeft UIInterfaceOrientationLandscapeRight";
				LD_RUNPATH_SEARCH_PATHS = (
					"$(inherited)",
					"@executable_path/Frameworks",
				);
				MARKETING_VERSION = 1.0;
				PRODUCT_BUNDLE_IDENTIFIER = "com.kugsoft.LOTR-SwiftUI";
				PRODUCT_NAME = "$(TARGET_NAME)";
				SWIFT_EMIT_LOC_STRINGS = YES;
				SWIFT_VERSION = 5.0;
				TARGETED_DEVICE_FAMILY = "1,2";
			};
			name = Debug;
		};
		0114F2EC29D30F9100F80E21 /* Release */ = {
			isa = XCBuildConfiguration;
			buildSettings = {
				ASSETCATALOG_COMPILER_APPICON_NAME = AppIcon;
				ASSETCATALOG_COMPILER_GLOBAL_ACCENT_COLOR_NAME = AccentColor;
				CODE_SIGN_STYLE = Automatic;
				CURRENT_PROJECT_VERSION = 1;
				DEVELOPMENT_ASSET_PATHS = "\"LOTR-SwiftUI/Preview Content\"";
				DEVELOPMENT_TEAM = TALXMDWBCD;
				ENABLE_PREVIEWS = YES;
				GENERATE_INFOPLIST_FILE = YES;
				INFOPLIST_KEY_UIApplicationSceneManifest_Generation = YES;
				INFOPLIST_KEY_UIApplicationSupportsIndirectInputEvents = YES;
				INFOPLIST_KEY_UILaunchScreen_Generation = YES;
				INFOPLIST_KEY_UISupportedInterfaceOrientations_iPad = "UIInterfaceOrientationPortrait UIInterfaceOrientationPortraitUpsideDown UIInterfaceOrientationLandscapeLeft UIInterfaceOrientationLandscapeRight";
				INFOPLIST_KEY_UISupportedInterfaceOrientations_iPhone = "UIInterfaceOrientationPortrait UIInterfaceOrientationLandscapeLeft UIInterfaceOrientationLandscapeRight";
				LD_RUNPATH_SEARCH_PATHS = (
					"$(inherited)",
					"@executable_path/Frameworks",
				);
				MARKETING_VERSION = 1.0;
				PRODUCT_BUNDLE_IDENTIFIER = "com.kugsoft.LOTR-SwiftUI";
				PRODUCT_NAME = "$(TARGET_NAME)";
				SWIFT_EMIT_LOC_STRINGS = YES;
				SWIFT_VERSION = 5.0;
				TARGETED_DEVICE_FAMILY = "1,2";
			};
			name = Release;
		};
/* End XCBuildConfiguration section */

/* Begin XCConfigurationList section */
		0114F2D729D30F8F00F80E21 /* Build configuration list for PBXProject "LOTR-SwiftUI" */ = {
			isa = XCConfigurationList;
			buildConfigurations = (
				0114F2E829D30F9100F80E21 /* Debug */,
				0114F2E929D30F9100F80E21 /* Release */,
			);
			defaultConfigurationIsVisible = 0;
			defaultConfigurationName = Release;
		};
		0114F2EA29D30F9100F80E21 /* Build configuration list for PBXNativeTarget "LOTR-SwiftUI" */ = {
			isa = XCConfigurationList;
			buildConfigurations = (
				0114F2EB29D30F9100F80E21 /* Debug */,
				0114F2EC29D30F9100F80E21 /* Release */,
			);
			defaultConfigurationIsVisible = 0;
			defaultConfigurationName = Release;
		};
/* End XCConfigurationList section */
	};
	rootObject = 0114F2D429D30F8F00F80E21 /* Project object */;
}
